<Solution>
  <Folder Name="/Itens de Solução/">
    <File Path=".editorconfig" />
    <File Path=".gitignore" />
    <File Path=".gitleaks.toml" />
    <File Path="Directory.Build.props" />
    <File Path="Directory.Packages.props" />
    <File Path="docker-compose.yml" />
    <File Path="README.md" />
  </Folder>
  <Folder Name="/src/0 - Domain/">
    <Project Path="src/FCG.Catalog.Domain/FCG.Catalog.Domain.csproj" />
  </Folder>
  <Folder Name="/src/1 - Application/">
    <Project Path="src/FCG.Catalog.Application/FCG.Catalog.Application.csproj" />
    <Project Path="src/FCG.Catalog.Messages/FCG.Catalog.Messages.csproj" />
  </Folder>
  <Folder Name="/src/2 - Infrastructure/">
    <Project Path="src/FCG.Catalog.Infrastructure.Auth/FCG.Catalog.Infrastructure.Auth.csproj" Id="5f39a26f-f1ae-4772-90f0-0215e915dbda" />
    <Project Path="src/FCG.Catalog.Infrastructure.Elasticsearch/FCG.Catalog.Infrastructure.Elasticsearch.csproj" />
    <Project Path="src/FCG.Catalog.Infrastructure.Kafka/FCG.Catalog.Infrastructure.Kafka.csproj" />
    <Project Path="src/FCG.Catalog.Infrastructure.MongoDb/FCG.Catalog.Infrastructure.MongoDb.csproj" Id="1adbaca7-9950-4d63-a052-bb4ecc963b31" />
    <Project Path="src/FCG.Catalog.Infrastructure.Redis/FCG.Catalog.Infrastructure.Redis.csproj" />
    <Project Path="src/FCG.Catalog.Infrastructure.SqlServer/FCG.Catalog.Infrastructure.SqlServer.csproj" />
  </Folder>
  <Folder Name="/src/3 - WebApi/">
    <Project Path="src/FCG.Catalog.WebApi/FCG.Catalog.WebApi.csproj" />
  </Folder>
  <Folder Name="/tests/">
    <Project Path="tests/FCG.Catalog.CommomTestUtilities/FCG.Catalog.CommomTestUtilities.csproj" />
    <Project Path="tests/FCG.Catalog.IntegratedTests/FCG.Catalog.IntegratedTests.csproj" />
    <Project Path="tests/FCG.Catalog.UnitTests/FCG.Catalog.UnitTests.csproj" />
  </Folder>
</Solution>
